lockfile_version: '1'
generated_at: '2026-06-28T07:58:02.151422+00:00'
apm_version: 0.20.0
dependencies:
- repo_url: techolve/zensical-skills
  host: github.com
  resolved_commit: 71a0c0d56e0b4ffd5880bf5b93646c24a86b383a
  package_type: apm_package
  deployed_files:
  - .claude/agents/zensical.md
  - .claude/skills/zensical-docs-authoring-admonitions
  - .claude/skills/zensical-docs-authoring-admonitions/SKILL.md
  - .claude/skills/zensical-docs-authoring-buttons
  - .claude/skills/zensical-docs-authoring-buttons/SKILL.md
  - .claude/skills/zensical-docs-authoring-code-blocks
  - .claude/skills/zensical-docs-authoring-code-blocks/SKILL.md
  - .claude/skills/zensical-docs-authoring-content-tabs
  - .claude/skills/zensical-docs-authoring-content-tabs/SKILL.md
  - .claude/skills/zensical-docs-authoring-data-tables
  - .claude/skills/zensical-docs-authoring-data-tables/SKILL.md
  - .claude/skills/zensical-docs-authoring-diagrams
  - .claude/skills/zensical-docs-authoring-diagrams/SKILL.md
  - .claude/skills/zensical-docs-authoring-footnotes
  - .claude/skills/zensical-docs-authoring-footnotes/SKILL.md
  - .claude/skills/zensical-docs-authoring-formatting
  - .claude/skills/zensical-docs-authoring-formatting/SKILL.md
  - .claude/skills/zensical-docs-authoring-frontmatter
  - .claude/skills/zensical-docs-authoring-frontmatter/SKILL.md
  - .claude/skills/zensical-docs-authoring-grids
  - .claude/skills/zensical-docs-authoring-grids/SKILL.md
  - .claude/skills/zensical-docs-authoring-icons-emojis
  - .claude/skills/zensical-docs-authoring-icons-emojis/SKILL.md
  - .claude/skills/zensical-docs-authoring-images
  - .claude/skills/zensical-docs-authoring-images/SKILL.md
  - .claude/skills/zensical-docs-authoring-lists
  - .claude/skills/zensical-docs-authoring-lists/SKILL.md
  - .claude/skills/zensical-docs-authoring-markdown
  - .claude/skills/zensical-docs-authoring-markdown/SKILL.md
  - .claude/skills/zensical-docs-authoring-math
  - .claude/skills/zensical-docs-authoring-math/SKILL.md
  - .claude/skills/zensical-docs-authoring-tooltips
  - .claude/skills/zensical-docs-authoring-tooltips/SKILL.md
  - .claude/skills/zensical-docs-create-your-site
  - .claude/skills/zensical-docs-create-your-site/SKILL.md
  - .claude/skills/zensical-docs-customization
  - .claude/skills/zensical-docs-customization/SKILL.md
  - .claude/skills/zensical-docs-get-started
  - .claude/skills/zensical-docs-get-started/SKILL.md
  - .claude/skills/zensical-docs-publish-your-site
  - .claude/skills/zensical-docs-publish-your-site/SKILL.md
  - .claude/skills/zensical-docs-setup-analytics
  - .claude/skills/zensical-docs-setup-analytics/SKILL.md
  - .claude/skills/zensical-docs-setup-basics
  - .claude/skills/zensical-docs-setup-basics/SKILL.md
  - .claude/skills/zensical-docs-setup-colors
  - .claude/skills/zensical-docs-setup-colors/SKILL.md
  - .claude/skills/zensical-docs-setup-comment-system
  - .claude/skills/zensical-docs-setup-comment-system/SKILL.md
  - .claude/skills/zensical-docs-setup-data-privacy
  - .claude/skills/zensical-docs-setup-data-privacy/SKILL.md
  - .claude/skills/zensical-docs-setup-extensions-glightbox
  - .claude/skills/zensical-docs-setup-extensions-glightbox/SKILL.md
  - .claude/skills/zensical-docs-setup-extensions-macros
  - .claude/skills/zensical-docs-setup-extensions-macros/SKILL.md
  - .claude/skills/zensical-docs-setup-extensions-mkdocstrings
  - .claude/skills/zensical-docs-setup-extensions-mkdocstrings/SKILL.md
  - .claude/skills/zensical-docs-setup-extensions-overview
  - .claude/skills/zensical-docs-setup-extensions-overview/SKILL.md
  - .claude/skills/zensical-docs-setup-extensions-python-markdown
  - .claude/skills/zensical-docs-setup-extensions-python-markdown-extensions
  - .claude/skills/zensical-docs-setup-extensions-python-markdown-extensions/SKILL.md
  - .claude/skills/zensical-docs-setup-extensions-python-markdown/SKILL.md
  - .claude/skills/zensical-docs-setup-fonts
  - .claude/skills/zensical-docs-setup-fonts/SKILL.md
  - .claude/skills/zensical-docs-setup-footer
  - .claude/skills/zensical-docs-setup-footer/SKILL.md
  - .claude/skills/zensical-docs-setup-header
  - .claude/skills/zensical-docs-setup-header/SKILL.md
  - .claude/skills/zensical-docs-setup-language
  - .claude/skills/zensical-docs-setup-language/SKILL.md
  - .claude/skills/zensical-docs-setup-logo-and-icons
  - .claude/skills/zensical-docs-setup-logo-and-icons/SKILL.md
  - .claude/skills/zensical-docs-setup-navigation
  - .claude/skills/zensical-docs-setup-navigation/SKILL.md
  - .claude/skills/zensical-docs-setup-offline-usage
  - .claude/skills/zensical-docs-setup-offline-usage/SKILL.md
  - .claude/skills/zensical-docs-setup-repository
  - .claude/skills/zensical-docs-setup-repository/SKILL.md
  - .claude/skills/zensical-docs-setup-search
  - .claude/skills/zensical-docs-setup-search/SKILL.md
  - .claude/skills/zensical-docs-setup-social-cards
  - .claude/skills/zensical-docs-setup-social-cards/SKILL.md
  - .claude/skills/zensical-docs-setup-tags
  - .claude/skills/zensical-docs-setup-tags/SKILL.md
  - .claude/skills/zensical-docs-setup-validation
  - .claude/skills/zensical-docs-setup-validation/SKILL.md
  - .claude/skills/zensical-docs-setup-versioning
  - .claude/skills/zensical-docs-setup-versioning/SKILL.md
  - .claude/skills/zensical-docs-usage-build-command
  - .claude/skills/zensical-docs-usage-build-command/SKILL.md
  - .claude/skills/zensical-docs-usage-cli
  - .claude/skills/zensical-docs-usage-cli/SKILL.md
  - .claude/skills/zensical-docs-usage-new-project
  - .claude/skills/zensical-docs-usage-new-project/SKILL.md
  - .claude/skills/zensical-docs-usage-preview
  - .claude/skills/zensical-docs-usage-preview/SKILL.md
  deployed_file_hashes:
    .claude/agents/zensical.md: sha256:b4fb642a3d4a9e7fdecca912ae63b2dc6b4a22d74726192221e6d714c59faf95
    .claude/skills/zensical-docs-authoring-admonitions/SKILL.md: sha256:8002198c8ebb025ecd2b11e7d058b860ab05cdb3b724573abbf46d14ece055f1
    .claude/skills/zensical-docs-authoring-buttons/SKILL.md: sha256:be2840add02a83db0b83c2e0870df23031e51530a551cb9b427271976af0e0b8
    .claude/skills/zensical-docs-authoring-code-blocks/SKILL.md: sha256:3ded04376a9b8fd9cf06e10556ea60d0f3f124f6439b40a380d0eb106272983e
    .claude/skills/zensical-docs-authoring-content-tabs/SKILL.md: sha256:1f7dafe7162d16d9af4fa45908304187bfa8525b8b20c3fced54a93791ebbbc7
    .claude/skills/zensical-docs-authoring-data-tables/SKILL.md: sha256:0e1f212f1ad7cff8197228ca592cc2170a5d4213656377dfd0c228a561adf26c
    .claude/skills/zensical-docs-authoring-diagrams/SKILL.md: sha256:c93850ee0102a9cb0e9817400dc56b1b883a70b86c94a00c629267a18b6f9c95
    .claude/skills/zensical-docs-authoring-footnotes/SKILL.md: sha256:331fb2c69271435835916874024ed6280c3d2d329bf92720c53443e0aba741f7
    .claude/skills/zensical-docs-authoring-formatting/SKILL.md: sha256:02721757888d12f666f04f7432c5310ee8984e38e8be61c8f7d3b504a9a177f8
    .claude/skills/zensical-docs-authoring-frontmatter/SKILL.md: sha256:1d7c8bb98ce86ba720c484a93ed40494b80ecb738eb39fbda33e9713ebbf0fb8
    .claude/skills/zensical-docs-authoring-grids/SKILL.md: sha256:1e29ed3d5aedf015ccca7964e9865d16e548624750ff224dfb0879a7ceb086d1
    .claude/skills/zensical-docs-authoring-icons-emojis/SKILL.md: sha256:60cdf9fb9c6acb3d299ad75ae3632a3e6aa326f9b3b3506c8e5437259a31fada
    .claude/skills/zensical-docs-authoring-images/SKILL.md: sha256:c886ef2e7bba8d881e78b97c5cdaf208759a836af4b919be23306120766e898d
    .claude/skills/zensical-docs-authoring-lists/SKILL.md: sha256:f7dd3cb338d9904b4ad23a644a1be8f581de8dc1e4c2432d89d9bb6c2d6bd3b8
    .claude/skills/zensical-docs-authoring-markdown/SKILL.md: sha256:1b1e9c453c5bbf8388563299f7441252032acf2b785abd47a31b65f259fed2db
    .claude/skills/zensical-docs-authoring-math/SKILL.md: sha256:8032e2fe7b5cacdf39f48e8aee5c400be2c5e443b048deab4852d93746210fc1
    .claude/skills/zensical-docs-authoring-tooltips/SKILL.md: sha256:4a22d6ad7d771ad8ee25b34e3fd30e7c13e08a28ad9837fbbbe782878dcf05b0
    .claude/skills/zensical-docs-create-your-site/SKILL.md: sha256:b82c3372adc8a47ed37a1a7b2343751dbaa283bc8e2743f8bcddfaa299e4315a
    .claude/skills/zensical-docs-customization/SKILL.md: sha256:252189e8c9a2277472297b56f5d76714123358742f96aa02ba1f561c12d8e947
    .claude/skills/zensical-docs-get-started/SKILL.md: sha256:af9738a16a5d79d8b6b72176734c3252215c01bdd2923fd73d4b43f6bfca7d95
    .claude/skills/zensical-docs-publish-your-site/SKILL.md: sha256:082bf30eb6aea559ac8d20111ada5393c5b794643a72f66b40c254c5320983dc
    .claude/skills/zensical-docs-setup-analytics/SKILL.md: sha256:b690a3c4037aaa3852ddfae037598122fc1c971bac3e002d1d2a853a46121eef
    .claude/skills/zensical-docs-setup-basics/SKILL.md: sha256:4a6fa79b6b7894300b7c66e7bb2d55395f472ba8cbf0aea5faf89e62413463db
    .claude/skills/zensical-docs-setup-colors/SKILL.md: sha256:3fce3d3f3143c8e9890fed4727def66a569b3a51c12ae831cbc82794abf4ab55
    .claude/skills/zensical-docs-setup-comment-system/SKILL.md: sha256:66c4c61a3ffeffec9eaeb1412d4b4f9fa85b968f91bde21a18c02b203818af69
    .claude/skills/zensical-docs-setup-data-privacy/SKILL.md: sha256:adcc6f5dabf7b038dce35d200d485138c5ba4d9c256a54e3c331b304c8b9fbce
    .claude/skills/zensical-docs-setup-extensions-glightbox/SKILL.md: sha256:7d02720a7d8bb581c60563928d0f50e52579301c235c736ac29e218b0ab636a2
    .claude/skills/zensical-docs-setup-extensions-macros/SKILL.md: sha256:a198d69456ce7219fbdabf5dbfd1ed60b3deddd957689a383d578b9ddad0b4a9
    .claude/skills/zensical-docs-setup-extensions-mkdocstrings/SKILL.md: sha256:fa1125f417d85d50270b9a89257846c79ebe7ccf72a37525ad5ebbe67837e750
    .claude/skills/zensical-docs-setup-extensions-overview/SKILL.md: sha256:85ed18885ab434e803112a278c5990db2eb7c8bb7220620cf413b326190019a5
    .claude/skills/zensical-docs-setup-extensions-python-markdown-extensions/SKILL.md: sha256:b6ba6e6d0d43f7b9cbc601de5b934d379e49b7833dea5134bfdf2a6513b8d431
    .claude/skills/zensical-docs-setup-extensions-python-markdown/SKILL.md: sha256:574a750a83f14cbce2016595f37df8d88fb56ee2abbbe1ea6ec510943588d689
    .claude/skills/zensical-docs-setup-fonts/SKILL.md: sha256:f6a5d8d87b9d3f6e25d75486e3b14275e63e32635b5f19a131aac10d7b612286
    .claude/skills/zensical-docs-setup-footer/SKILL.md: sha256:6b221dc40d14cdc9e5dfc2a92538286ac743d08cbe9ede4be9e6c8b083ec4655
    .claude/skills/zensical-docs-setup-header/SKILL.md: sha256:8b65da1ca1b489889c1247b58309f8e6c60d1d1f2b4be33a2bdee687dfef9da0
    .claude/skills/zensical-docs-setup-language/SKILL.md: sha256:2fca14be47437f3342ba6bf1d640d433b1f75a7b1dc971ac313dfafb408a48b2
    .claude/skills/zensical-docs-setup-logo-and-icons/SKILL.md: sha256:ef99b50860ae9f14178887de029a2c7e49cdd4652a8846bcab1a921f388cc596
    .claude/skills/zensical-docs-setup-navigation/SKILL.md: sha256:04f3700ed80bc4238f0bc30de05c72a05d72734b7e99a9e9ba8cd2a5b0b69126
    .claude/skills/zensical-docs-setup-offline-usage/SKILL.md: sha256:bb119df0a97e40fce7835e8c2f3300cd35e1e8330bc6b04ccdfe12438a9683c0
    .claude/skills/zensical-docs-setup-repository/SKILL.md: sha256:0da8e56f2b01e4f05ce723ce7c357deaa67610c702172d1b8c331523b2324c3b
    .claude/skills/zensical-docs-setup-search/SKILL.md: sha256:24bd8d97143ef435fbcca680b26e1121559813e79350809c4bb8ab8ca898b80e
    .claude/skills/zensical-docs-setup-social-cards/SKILL.md: sha256:279a8e52ff6f2e7ac60ada5d0bb9f1d6ff15b9ae9664b64e61ebaaec35db94d2
    .claude/skills/zensical-docs-setup-tags/SKILL.md: sha256:58113d1b5b0fc45cb4f3144b2d99ceb480092825696407b30764dd97145bf60b
    .claude/skills/zensical-docs-setup-validation/SKILL.md: sha256:a7feda02ff84a9f49f13e98544f31162758154892cf450c28d4bfff1ed2023d4
    .claude/skills/zensical-docs-setup-versioning/SKILL.md: sha256:57279ea0bfdf96511f846cfb349b2578f788cfb940a084a19f03cd5444f7586b
    .claude/skills/zensical-docs-usage-build-command/SKILL.md: sha256:329102fd85a71d2b527cb29853f267193d88dfa6843cf5b07e06909b6d4f8f3e
    .claude/skills/zensical-docs-usage-cli/SKILL.md: sha256:9231697bfcb129fe1309cf4d6838367aad2c5932c625db94f94e9fc3e065db34
    .claude/skills/zensical-docs-usage-new-project/SKILL.md: sha256:0427b501cff19f41f74fc45079369379e4ee95760b5da3a53e9599e342cc8a75
    .claude/skills/zensical-docs-usage-preview/SKILL.md: sha256:fccaf210891e7b889c6307f9fd7732627126b5d729905b28f1bef6ef6221ad17
  content_hash: sha256:72051056793c21bf645899ea6d5931b54ba3dce0374703be7965f641f85b8761
